
Microsoft Visual Studio Solution File, Format Version 12.00
# Visual Studio Version 16
VisualStudioVersion = 16.0.30907.101
MinimumVisualStudioVersion = 10.0.40219.1
Project("{FAE04EC0-301F-11D3-BF4B-00C04F79EFBC}") = "Assignment_1_SP21", "Assignment_1_SP21.csproj", "{7BFA6C78-C7C7-4CCC-BACE-F88D7C29F84A}"
EndProject
Global
	GlobalSection(SolutionConfigurationPlatforms) = preSolution
		Debug|Any CPU = Debug|Any CPU
		Release|Any CPU = Release|Any CPU
	EndGlobalSection
	GlobalSection(ProjectConfigurationPlatforms) = postSolution
		{7BFA6C78-C7C7-4CCC-BACE-F88D7C29F84A}.Debug|Any CPU.ActiveCfg = Debug|Any CPU
		{7BFA6C78-C7C7-4CCC-BACE-F88D7C29F84A}.Debug|Any CPU.Build.0 = Debug|Any CPU
		{7BFA6C78-C7C7-4CCC-BACE-F88D7C29F84A}.Release|Any CPU.ActiveCfg = Release|Any CPU
		{7BFA6C78-C7C7-4CCC-BACE-F88D7C29F84A}.Release|Any CPU.Build.0 = Release|Any CPU
	EndGlobalSection
	GlobalSection(SolutionProperties) = preSolution
		HideSolutionNode = FALSE
	EndGlobalSection
	GlobalSection(ExtensibilityGlobals) = postSolution
		SolutionGuid = {E12D8305-06A6-40F0-9228-17466B6A4CC5}
	EndGlobalSection
EndGlobal
